
Microsoft Visual Studio Solution File, Format Version 12.00
# Visual Studio Version 17
VisualStudioVersion = 17.4.33403.182
MinimumVisualStudioVersion = 10.0.40219.1
Project("{FAE04EC0-301F-11D3-BF4B-00C04F79EFBC}") = "APIDemo", "APIDemo\APIDemo.csproj", "{A07D11B9-FE89-4D22-B82F-334625733B8C}"
EndProject
Project("{FAE04EC0-301F-11D3-BF4B-00C04F79EFBC}") = "Core", "Core\Core.csproj", "{D802C0CA-F1E3-4D0A-B8B0-D4701693B464}"
EndProject
Project("{FAE04EC0-301F-11D3-BF4B-00C04F79EFBC}") = "Infrastructure", "Infrastructure\Infrastructure.csproj", "{73C96CB2-8AB6-4654-A84E-6D40B5D2EC54}"
EndProject
Global
	GlobalSection(SolutionConfigurationPlatforms) = preSolution
		Debug|Any CPU = Debug|Any CPU
		Release|Any CPU = Release|Any CPU
	EndGlobalSection
	GlobalSection(ProjectConfigurationPlatforms) = postSolution
		{A07D11B9-FE89-4D22-B82F-334625733B8C}.Debug|Any CPU.ActiveCfg = Debug|Any CPU
		{A07D11B9-FE89-4D22-B82F-334625733B8C}.Debug|Any CPU.Build.0 = Debug|Any CPU
		{A07D11B9-FE89-4D22-B82F-334625733B8C}.Release|Any CPU.ActiveCfg = Release|Any CPU
		{A07D11B9-FE89-4D22-B82F-334625733B8C}.Release|Any CPU.Build.0 = Release|Any CPU
		{D802C0CA-F1E3-4D0A-B8B0-D4701693B464}.Debug|Any CPU.ActiveCfg = Debug|Any CPU
		{D802C0CA-F1E3-4D0A-B8B0-D4701693B464}.Debug|Any CPU.Build.0 = Debug|Any CPU
		{D802C0CA-F1E3-4D0A-B8B0-D4701693B464}.Release|Any CPU.ActiveCfg = Release|Any CPU
		{D802C0CA-F1E3-4D0A-B8B0-D4701693B464}.Release|Any CPU.Build.0 = Release|Any CPU
		{73C96CB2-8AB6-4654-A84E-6D40B5D2EC54}.Debug|Any CPU.ActiveCfg = Debug|Any CPU
		{73C96CB2-8AB6-4654-A84E-6D40B5D2EC54}.Debug|Any CPU.Build.0 = Debug|Any CPU
		{73C96CB2-8AB6-4654-A84E-6D40B5D2EC54}.Release|Any CPU.ActiveCfg = Release|Any CPU
		{73C96CB2-8AB6-4654-A84E-6D40B5D2EC54}.Release|Any CPU.Build.0 = Release|Any CPU
	EndGlobalSection
	GlobalSection(SolutionProperties) = preSolution
		HideSolutionNode = FALSE
	EndGlobalSection
	GlobalSection(ExtensibilityGlobals) = postSolution
		SolutionGuid = {F1D5E17E-A3BB-45C8-B7F4-73261E431504}
	EndGlobalSection
EndGlobal
